
Microsoft Visual Studio Solution File, Format Version 12.00
# Visual Studio Version 17
Project("{8BC9CEB8-8B4A-11D0-8D11-00A0C91BC942}") = "ALL_BUILD", "ALL_BUILD.vcxproj", "{1E99910D-F242-35E2-A749-D0B5F3432776}"
	ProjectSection(ProjectDependencies) = postProject
		{2AF3D045-8B1B-35A3-8304-8FFC512D2375} = {2AF3D045-8B1B-35A3-8304-8FFC512D2375}
		{70D4EE17-481B-3F4D-8168-1FE3D53E45C0} = {70D4EE17-481B-3F4D-8168-1FE3D53E45C0}
		{90CA44A2-D42F-3E9F-BB48-86FE6368B8C0} = {90CA44A2-D42F-3E9F-BB48-86FE6368B8C0}
		{7E80F178-B33F-3061-92A9-9022EEC6094C} = {7E80F178-B33F-3061-92A9-9022EEC6094C}
	EndProjectSection
EndProject
Project("{8BC9CEB8-8B4A-11D0-8D11-00A0C91BC942}") = "ZERO_CHECK", "ZERO_CHECK.vcxproj", "{2AF3D045-8B1B-35A3-8304-8FFC512D2375}"
	ProjectSection(ProjectDependencies) = postProject
	EndProjectSection
EndProject
Project("{8BC9CEB8-8B4A-11D0-8D11-00A0C91BC942}") = "cuda_test", "cuda_test.vcxproj", "{70D4EE17-481B-3F4D-8168-1FE3D53E45C0}"
	ProjectSection(ProjectDependencies) = postProject
		{2AF3D045-8B1B-35A3-8304-8FFC512D2375} = {2AF3D045-8B1B-35A3-8304-8FFC512D2375}
		{7E80F178-B33F-3061-92A9-9022EEC6094C} = {7E80F178-B33F-3061-92A9-9022EEC6094C}
	EndProjectSection
EndProject
Project("{8BC9CEB8-8B4A-11D0-8D11-00A0C91BC942}") = "cudarl_app", "cudarl_app.vcxproj", "{90CA44A2-D42F-3E9F-BB48-86FE6368B8C0}"
	ProjectSection(ProjectDependencies) = postProject
		{2AF3D045-8B1B-35A3-8304-8FFC512D2375} = {2AF3D045-8B1B-35A3-8304-8FFC512D2375}
		{7E80F178-B33F-3061-92A9-9022EEC6094C} = {7E80F178-B33F-3061-92A9-9022EEC6094C}
	EndProjectSection
EndProject
Project("{8BC9CEB8-8B4A-11D0-8D11-00A0C91BC942}") = "cudarl_core", "cudarl_core.vcxproj", "{7E80F178-B33F-3061-92A9-9022EEC6094C}"
	ProjectSection(ProjectDependencies) = postProject
		{2AF3D045-8B1B-35A3-8304-8FFC512D2375} = {2AF3D045-8B1B-35A3-8304-8FFC512D2375}
	EndProjectSection
EndProject
Project("{8BC9CEB8-8B4A-11D0-8D11-00A0C91BC942}") = "run", "run.vcxproj", "{50030BE1-9245-3FE1-AE69-947F90B5B28B}"
	ProjectSection(ProjectDependencies) = postProject
		{2AF3D045-8B1B-35A3-8304-8FFC512D2375} = {2AF3D045-8B1B-35A3-8304-8FFC512D2375}
		{90CA44A2-D42F-3E9F-BB48-86FE6368B8C0} = {90CA44A2-D42F-3E9F-BB48-86FE6368B8C0}
	EndProjectSection
EndProject
Project("{8BC9CEB8-8B4A-11D0-8D11-00A0C91BC942}") = "run_cuda_test", "run_cuda_test.vcxproj", "{9CA13340-BDB9-38A3-9A6A-B258B414A66D}"
	ProjectSection(ProjectDependencies) = postProject
		{2AF3D045-8B1B-35A3-8304-8FFC512D2375} = {2AF3D045-8B1B-35A3-8304-8FFC512D2375}
		{70D4EE17-481B-3F4D-8168-1FE3D53E45C0} = {70D4EE17-481B-3F4D-8168-1FE3D53E45C0}
	EndProjectSection
EndProject
Global
	GlobalSection(SolutionConfigurationPlatforms) = preSolution
		Debug|x64 = Debug|x64
		Release|x64 = Release|x64
		MinSizeRel|x64 = MinSizeRel|x64
		RelWithDebInfo|x64 = RelWithDebInfo|x64
	EndGlobalSection
	GlobalSection(ProjectConfigurationPlatforms) = postSolution
		{1E99910D-F242-35E2-A749-D0B5F3432776}.Debug|x64.ActiveCfg = Debug|x64
		{1E99910D-F242-35E2-A749-D0B5F3432776}.Release|x64.ActiveCfg = Release|x64
		{1E99910D-F242-35E2-A749-D0B5F3432776}.MinSizeRel|x64.ActiveCfg = MinSizeRel|x64
		{1E99910D-F242-35E2-A749-D0B5F3432776}.RelWithDebInfo|x64.ActiveCfg = RelWithDebInfo|x64
		{2AF3D045-8B1B-35A3-8304-8FFC512D2375}.Debug|x64.ActiveCfg = Debug|x64
		{2AF3D045-8B1B-35A3-8304-8FFC512D2375}.Debug|x64.Build.0 = Debug|x64
		{2AF3D045-8B1B-35A3-8304-8FFC512D2375}.Release|x64.ActiveCfg = Release|x64
		{2AF3D045-8B1B-35A3-8304-8FFC512D2375}.Release|x64.Build.0 = Release|x64
		{2AF3D045-8B1B-35A3-8304-8FFC512D2375}.MinSizeRel|x64.ActiveCfg = MinSizeRel|x64
		{2AF3D045-8B1B-35A3-8304-8FFC512D2375}.MinSizeRel|x64.Build.0 = MinSizeRel|x64
		{2AF3D045-8B1B-35A3-8304-8FFC512D2375}.RelWithDebInfo|x64.ActiveCfg = RelWithDebInfo|x64
		{2AF3D045-8B1B-35A3-8304-8FFC512D2375}.RelWithDebInfo|x64.Build.0 = RelWithDebInfo|x64
		{70D4EE17-481B-3F4D-8168-1FE3D53E45C0}.Debug|x64.ActiveCfg = Debug|x64
		{70D4EE17-481B-3F4D-8168-1FE3D53E45C0}.Debug|x64.Build.0 = Debug|x64
		{70D4EE17-481B-3F4D-8168-1FE3D53E45C0}.Release|x64.ActiveCfg = Release|x64
		{70D4EE17-481B-3F4D-8168-1FE3D53E45C0}.Release|x64.Build.0 = Release|x64
		{70D4EE17-481B-3F4D-8168-1FE3D53E45C0}.MinSizeRel|x64.ActiveCfg = MinSizeRel|x64
		{70D4EE17-481B-3F4D-8168-1FE3D53E45C0}.MinSizeRel|x64.Build.0 = MinSizeRel|x64
		{70D4EE17-481B-3F4D-8168-1FE3D53E45C0}.RelWithDebInfo|x64.ActiveCfg = RelWithDebInfo|x64
		{70D4EE17-481B-3F4D-8168-1FE3D53E45C0}.RelWithDebInfo|x64.Build.0 = RelWithDebInfo|x64
		{90CA44A2-D42F-3E9F-BB48-86FE6368B8C0}.Debug|x64.ActiveCfg = Debug|x64
		{90CA44A2-D42F-3E9F-BB48-86FE6368B8C0}.Debug|x64.Build.0 = Debug|x64
		{90CA44A2-D42F-3E9F-BB48-86FE6368B8C0}.Release|x64.ActiveCfg = Release|x64
		{90CA44A2-D42F-3E9F-BB48-86FE6368B8C0}.Release|x64.Build.0 = Release|x64
		{90CA44A2-D42F-3E9F-BB48-86FE6368B8C0}.MinSizeRel|x64.ActiveCfg = MinSizeRel|x64
		{90CA44A2-D42F-3E9F-BB48-86FE6368B8C0}.MinSizeRel|x64.Build.0 = MinSizeRel|x64
		{90CA44A2-D42F-3E9F-BB48-86FE6368B8C0}.RelWithDebInfo|x64.ActiveCfg = RelWithDebInfo|x64
		{90CA44A2-D42F-3E9F-BB48-86FE6368B8C0}.RelWithDebInfo|x64.Build.0 = RelWithDebInfo|x64
		{7E80F178-B33F-3061-92A9-9022EEC6094C}.Debug|x64.ActiveCfg = Debug|x64
		{7E80F178-B33F-3061-92A9-9022EEC6094C}.Debug|x64.Build.0 = Debug|x64
		{7E80F178-B33F-3061-92A9-9022EEC6094C}.Release|x64.ActiveCfg = Release|x64
		{7E80F178-B33F-3061-92A9-9022EEC6094C}.Release|x64.Build.0 = Release|x64
		{7E80F178-B33F-3061-92A9-9022EEC6094C}.MinSizeRel|x64.ActiveCfg = MinSizeRel|x64
		{7E80F178-B33F-3061-92A9-9022EEC6094C}.MinSizeRel|x64.Build.0 = MinSizeRel|x64
		{7E80F178-B33F-3061-92A9-9022EEC6094C}.RelWithDebInfo|x64.ActiveCfg = RelWithDebInfo|x64
		{7E80F178-B33F-3061-92A9-9022EEC6094C}.RelWithDebInfo|x64.Build.0 = RelWithDebInfo|x64
		{50030BE1-9245-3FE1-AE69-947F90B5B28B}.Debug|x64.ActiveCfg = Debug|x64
		{50030BE1-9245-3FE1-AE69-947F90B5B28B}.Release|x64.ActiveCfg = Release|x64
		{50030BE1-9245-3FE1-AE69-947F90B5B28B}.MinSizeRel|x64.ActiveCfg = MinSizeRel|x64
		{50030BE1-9245-3FE1-AE69-947F90B5B28B}.RelWithDebInfo|x64.ActiveCfg = RelWithDebInfo|x64
		{9CA13340-BDB9-38A3-9A6A-B258B414A66D}.Debug|x64.ActiveCfg = Debug|x64
		{9CA13340-BDB9-38A3-9A6A-B258B414A66D}.Release|x64.ActiveCfg = Release|x64
		{9CA13340-BDB9-38A3-9A6A-B258B414A66D}.MinSizeRel|x64.ActiveCfg = MinSizeRel|x64
		{9CA13340-BDB9-38A3-9A6A-B258B414A66D}.RelWithDebInfo|x64.ActiveCfg = RelWithDebInfo|x64
	EndGlobalSection
	GlobalSection(ExtensibilityGlobals) = postSolution
		SolutionGuid = {8A1FA70E-5407-3F80-AAE3-033EBF911BD7}
	EndGlobalSection
	GlobalSection(ExtensibilityAddIns) = postSolution
	EndGlobalSection
EndGlobal
