<?xml version="1.0" encoding="utf-8"?>
<Project ToolsVersion="17.0" xmlns="http://schemas.microsoft.com/developer/msbuild/2003">
  <ItemGroup>
    <CustomBuild Include="C:\Users\aiand\Documents\programming\CudaRL-Arena\tests\CMakeFiles\582ec8e206b9b16ff858a2aa8e29beaf\run_cuda_test.rule">
      <Filter>CMake Rules</Filter>
    </CustomBuild>
    <CustomBuild Include="C:\Users\aiand\Documents\programming\CudaRL-Arena\CMakeLists.txt" />
  </ItemGroup>
  <ItemGroup>
    <None Include="C:\Users\aiand\Documents\programming\CudaRL-Arena\tests\CMakeFiles\run_cuda_test" />
  </ItemGroup>
  <ItemGroup>
    <Filter Include="CMake Rules">
      <UniqueIdentifier>{EF1C27E4-37B5-37B6-B84D-31312F65DA83}</UniqueIdentifier>
    </Filter>
  </ItemGroup>
</Project>
